<?xml version="1.0" encoding="utf-8"?>
<Project ToolsVersion="4.0" xmlns="http://schemas.microsoft.com/developer/msbuild/2003">
  <ItemGroup>
    <Filter Include="mm">
      <UniqueIdentifier>{bff9fb30-5609-415b-a19a-434b62264147}</UniqueIdentifier>
    </Filter>
  </ItemGroup>
  <ItemGroup>
    <ClCompile Include="Driver.c" />
    <ClCompile Include="mm\virtual.c">
      <Filter>mm</Filter>
    </ClCompile>
  </ItemGroup>
  <ItemGroup>
    <ClInclude Include="Vad.h" />
  </ItemGroup>
  <ItemGroup>
    <MASM Include="Detour.asm" />
  </ItemGroup>
</Project>