<?xml version="1.0" encoding="utf-8"?>
<Project ToolsVersion="4.0" xmlns="http://schemas.microsoft.com/developer/msbuild/2003">
  <ItemGroup>
    <ClCompile Include="main.cpp" />
    <ClCompile Include="wndproc.cpp" />
    <ClCompile Include="win32utility.cpp" />
    <ClCompile Include="limitcore.cpp">
      <Filter>limit</Filter>
    </ClCompile>
    <ClCompile Include="tracecore.cpp">
      <Filter>trace</Filter>
    </ClCompile>
    <ClCompile Include="mempatch.cpp">
      <Filter>mempatch</Filter>
    </ClCompile>
    <ClCompile Include="kdriver.cpp">
      <Filter>kdriver</Filter>
    </ClCompile>
    <ClCompile Include="config.cpp">
      <Filter>config</Filter>
    </ClCompile>
  </ItemGroup>
  <ItemGroup>
    <ClInclude Include="resource.h" />
    <ClInclude Include="wndproc.h" />
    <ClInclude Include="win32utility.h" />
    <ClInclude Include="limitcore.h">
      <Filter>limit</Filter>
    </ClInclude>
    <ClInclude Include="tracecore.h">
      <Filter>trace</Filter>
    </ClInclude>
    <ClInclude Include="mempatch.h">
      <Filter>mempatch</Filter>
    </ClInclude>
    <ClInclude Include="kdriver.h">
      <Filter>kdriver</Filter>
    </ClInclude>
    <ClInclude Include="config.h">
      <Filter>config</Filter>
    </ClInclude>
  </ItemGroup>
  <ItemGroup>
    <ResourceCompile Include="sguard_limit.rc" />
  </ItemGroup>
  <ItemGroup>
    <Image Include="logo.ico" />
    <Image Include="donate.bmp" />
  </ItemGroup>
  <ItemGroup>
    <Filter Include="limit">
      <UniqueIdentifier>{8d553c25-60e0-4690-a9df-8be9c4d43324}</UniqueIdentifier>
    </Filter>
    <Filter Include="trace">
      <UniqueIdentifier>{5159b81c-cc1f-4208-a23a-5f45508cee01}</UniqueIdentifier>
    </Filter>
    <Filter Include="mempatch">
      <UniqueIdentifier>{2e573457-381f-4c18-993e-933c86a85d7c}</UniqueIdentifier>
    </Filter>
    <Filter Include="kdriver">
      <UniqueIdentifier>{58519027-6ca9-4b31-a87c-e505e4454f22}</UniqueIdentifier>
    </Filter>
    <Filter Include="config">
      <UniqueIdentifier>{7d144aca-161b-44a8-8939-147c36048763}</UniqueIdentifier>
    </Filter>
  </ItemGroup>
</Project>