<?xml version="1.0" encoding="utf-8"?>
<Project ToolsVersion="4.0" xmlns="http://schemas.microsoft.com/developer/msbuild/2003">
  <ItemGroup>
    <ClCompile Include="main.cpp" />
    <ClCompile Include="tray.cpp" />
    <ClCompile Include="wndproc.cpp" />
    <ClCompile Include="limitcore.cpp" />
    <ClCompile Include="panic.cpp" />
    <ClCompile Include="tlockcore.cpp" />
    <ClCompile Include="config.cpp" />
  </ItemGroup>
  <ItemGroup>
    <ClInclude Include="resource.h" />
    <ClInclude Include="tray.h" />
    <ClInclude Include="wndproc.h" />
    <ClInclude Include="limitcore.h" />
    <ClInclude Include="panic.h" />
    <ClInclude Include="tlockcore.h" />
    <ClInclude Include="config.h" />
  </ItemGroup>
  <ItemGroup>
    <ResourceCompile Include="sguard_limit.rc" />
  </ItemGroup>
  <ItemGroup>
    <Image Include="logo.ico" />
  </ItemGroup>
</Project>